
Microsoft Visual Studio Solution File, Format Version 12.00
# Visual Studio Version 16
VisualStudioVersion = 16.0.30406.217
MinimumVisualStudioVersion = 10.0.40219.1
Project("{FAE04EC0-301F-11D3-BF4B-00C04F79EFBC}") = "K2Lin_Crypto", "K2Lin_Crypto\K2Lin_Crypto.csproj", "{B30527FF-5721-465B-AAEA-490812F3C7EE}"
EndProject
Global
	GlobalSection(SolutionConfigurationPlatforms) = preSolution
		Debug|Any CPU = Debug|Any CPU
		Release|Any CPU = Release|Any CPU
	EndGlobalSection
	GlobalSection(ProjectConfigurationPlatforms) = postSolution
		{B30527FF-5721-465B-AAEA-490812F3C7EE}.Debug|Any CPU.ActiveCfg = Debug|Any CPU
		{B30527FF-5721-465B-AAEA-490812F3C7EE}.Debug|Any CPU.Build.0 = Debug|Any CPU
		{B30527FF-5721-465B-AAEA-490812F3C7EE}.Release|Any CPU.ActiveCfg = Release|Any CPU
		{B30527FF-5721-465B-AAEA-490812F3C7EE}.Release|Any CPU.Build.0 = Release|Any CPU
	EndGlobalSection
	GlobalSection(SolutionProperties) = preSolution
		HideSolutionNode = FALSE
	EndGlobalSection
	GlobalSection(ExtensibilityGlobals) = postSolution
		SolutionGuid = {69C5192F-DC27-422F-85D4-BAE93DF9356C}
	EndGlobalSection
EndGlobal
